// !$*UTF8*$!
{
	archiveVersion = 1;
	classes = {
	};
	objectVersion = 46;
	objects = {

/* Begin PBXBuildFile section */
		4D7820DA1E7E41A80059102C /* AppDelegate.swift in Sources */ = {isa = PBXBuildFile; fileRef = 4D7820D91E7E41A80059102C /* AppDelegate.swift */; };
		4D7820DC1E7E41A80059102C /* ViewController.swift in Sources */ = {isa = PBXBuildFile; fileRef = 4D7820DB1E7E41A80059102C /* ViewController.swift */; };
		4D7820DF1E7E41A80059102C /* Main.storyboard in Resources */ = {isa = PBXBuildFile; fileRef = 4D7820DD1E7E41A80059102C /* Main.storyboard */; };
		4D7820E11E7E41A80059102C /* Assets.xcassets in Resources */ = {isa = PBXBuildFile; fileRef = 4D7820E01E7E41A80059102C /* Assets.xcassets */; };
		4D7820E41E7E41A80059102C /* LaunchScreen.storyboard in Resources */ = {isa = PBXBuildFile; fileRef = 4D7820E21E7E41A80059102C /* LaunchScreen.storyboard */; };
/* End PBXBuildFile section */

/* Begin PBXFileReference section */
		4D7820D61E7E41A80059102C /* NuevoEjemplo.app */ = {isa = PBXFileReference; explicitFileType = wrapper.application; includeInIndex = 0; path = NuevoEjemplo.app; sourceTree = BUILT_PRODUCTS_DIR; };
		4D7820D91E7E41A80059102C /* AppDelegate.swift */ = {isa = PBXFileReference; lastKnownFileType = sourcecode.swift; path = AppDelegate.swift; sourceTree = "<group>"; };
		4D7820DB1E7E41A80059102C /* ViewController.swift */ = {isa = PBXFileReference; lastKnownFileType = sourcecode.swift; path = ViewController.swift; sourceTree = "<group>"; };
		4D7820DE1E7E41A80059102C /* Base */ = {isa = PBXFileReference; lastKnownFileType = file.storyboard; name = Base; path = Base.lproj/Main.storyboard; sourceTree = "<group>"; };
		4D7820E01E7E41A80059102C /* Assets.xcassets */ = {isa = PBXFileReference; lastKnownFileType = folder.assetcatalog; path = Assets.xcassets; sourceTree = "<group>"; };
		4D7820E31E7E41A80059102C /* Base */ = {isa = PBXFileReference; lastKnownFileType = file.storyboard; name = Base; path = Base.lproj/LaunchScreen.storyboard; sourceTree = "<group>"; };
		4D7820E51E7E41A80059102C /* Info.plist */ = {isa = PBXFileReference; lastKnownFileType = text.plist.xml; path = Info.plist; sourceTree = "<group>"; };
/* End PBXFileReference section */

/* Begin PBXFrameworksBuildPhase section */
		4D7820D31E7E41A80059102C /* Frameworks */ = {
			isa = PBXFrameworksBuildPhase;
			buildActionMask = 2147483647;
			files = (
			);
			runOnlyForDeploymentPostprocessing = 0;
		};
/* End PBXFrameworksBuildPhase section */

/* Begin PBXGroup section */
		4D7820CD1E7E41A80059102C = {
			isa = PBXGroup;
			children = (
				4D7820D81E7E41A80059102C /* NuevoEjemplo */,
				4D7820D71E7E41A80059102C /* Products */,
			);
			sourceTree = "<group>";
		};
		4D7820D71E7E41A80059102C /* Products */ = {
			isa = PBXGroup;
			children = (
				4D7820D61E7E41A80059102C /* NuevoEjemplo.app */,
			);
			name = Products;
			sourceTree = "<group>";
		};
		4D7820D81E7E41A80059102C /* NuevoEjemplo */ = {
			isa = PBXGroup;
			children = (
				4D7820D91E7E41A80059102C /* AppDelegate.swift */,
				4D7820DB1E7E41A80059102C /* ViewController.swift */,
				4D7820DD1E7E41A80059102C /* Main.storyboard */,
				4D7820E01E7E41A80059102C /* Assets.xcassets */,
				4D7820E21E7E41A80059102C /* LaunchScreen.storyboard */,
				4D7820E51E7E41A80059102C /* Info.plist */,
			);
			path = NuevoEjemplo;
			sourceTree = "<group>";
		};
/* End PBXGroup section */

/* Begin PBXNativeTarget section */
		4D7820D51E7E41A80059102C /* NuevoEjemplo */ = {
			isa = PBXNativeTarget;
			buildConfigurationList = 4D7820E81E7E41A80059102C /* Build configuration list for PBXNativeTarget "NuevoEjemplo" */;
			buildPhases = (
				4D7820D21E7E41A80059102C /* Sources */,
				4D7820D31E7E41A80059102C /* Frameworks */,
				4D7820D41E7E41A80059102C /* Resources */,
			);
			buildRules = (
			);
			dependencies = (
			);
			name = NuevoEjemplo;
			productName = NuevoEjemplo;
			productReference = 4D7820D61E7E41A80059102C /* NuevoEjemplo.app */;
			productType = "com.apple.product-type.application";
		};
/* End PBXNativeTarget section */

/* Begin PBXProject section */
		4D7820CE1E7E41A80059102C /* Project object */ = {
			isa = PBXProject;
			attributes = {
				LastSwiftUpdateCheck = 0820;
				LastUpgradeCheck = 0820;
				ORGANIZATIONNAME = "Jose Almaraz";
				TargetAttributes = {
					4D7820D51E7E41A80059102C = {
						CreatedOnToolsVersion = 8.2.1;
						ProvisioningStyle = Automatic;
					};
				};
			};
			buildConfigurationList = 4D7820D11E7E41A80059102C /* Build configuration list for PBXProject "NuevoEjemplo" */;
			compatibilityVersion = "Xcode 3.2";
			developmentRegion = English;
			hasScannedForEncodings = 0;
			knownRegions = (
				en,
				Base,
			);
			mainGroup = 4D7820CD1E7E41A80059102C;
			productRefGroup = 4D7820D71E7E41A80059102C /* Products */;
			projectDirPath = "";
			projectRoot = "";
			targets = (
				4D7820D51E7E41A80059102C /* NuevoEjemplo */,
			);
		};
/* End PBXProject section */

/* Begin PBXResourcesBuildPhase section */
		4D7820D41E7E41A80059102C /* Resources */ = {
			isa = PBXResourcesBuildPhase;
			buildActionMask = 2147483647;
			files = (
				4D7820E41E7E41A80059102C /* LaunchScreen.storyboard in Resources */,
				4D7820E11E7E41A80059102C /* Assets.xcassets in Resources */,
				4D7820DF1E7E41A80059102C /* Main.storyboard in Resources */,
			);
			runOnlyForDeploymentPostprocessing = 0;
		};
/* End PBXResourcesBuildPhase section */

/* Begin PBXSourcesBuildPhase section */
		4D7820D21E7E41A80059102C /* Sources */ = {
			isa = PBXSourcesBuildPhase;
			buildActionMask = 2147483647;
			files = (
				4D7820DC1E7E41A80059102C /* ViewController.swift in Sources */,
				4D7820DA1E7E41A80059102C /* AppDelegate.swift in Sources */,
			);
			runOnlyForDeploymentPostprocessing = 0;
		};
/* End PBXSourcesBuildPhase section */

/* Begin PBXVariantGroup section */
		4D7820DD1E7E41A80059102C /* Main.storyboard */ = {
			isa = PBXVariantGroup;
			children = (
				4D7820DE1E7E41A80059102C /* Base */,
			);
			name = Main.storyboard;
			sourceTree = "<group>";
		};
		4D7820E21E7E41A80059102C /* LaunchScreen.storyboard */ = {
			isa = PBXVariantGroup;
			children = (
				4D7820E31E7E41A80059102C /* Base */,
			);
			name = LaunchScreen.storyboard;
			sourceTree = "<group>";
		};
/* End PBXVariantGroup section */

/* Begin XCBuildConfiguration section */
		4D7820E61E7E41A80059102C /* Debug */ = {
			isa = XCBuildConfiguration;
			buildSettings = {
				ALWAYS_SEARCH_USER_PATHS = NO;
				CLANG_ANALYZER_NONNULL = YES;
				CLANG_CXX_LANGUAGE_STANDARD = "gnu++0x";
				CLANG_CXX_LIBRARY = "libc++";
				CLANG_ENABLE_MODULES = YES;
				CLANG_ENABLE_OBJC_ARC = YES;
				CLANG_WARN_BOOL_CONVERSION = YES;
				CLANG_WARN_CONSTANT_CONVERSION = YES;
				CLANG_WARN_DIRECT_OBJC_ISA_USAGE = YES_ERROR;
				CLANG_WARN_DOCUMENTATION_COMMENTS = YES;
				CLANG_WARN_EMPTY_BODY = YES;
				CLANG_WARN_ENUM_CONVERSION = YES;
				CLANG_WARN_INFINITE_RECURSION = YES;
				CLANG_WARN_INT_CONVERSION = YES;
				CLANG_WARN_OBJC_ROOT_CLASS = YES_ERROR;
				CLANG_WARN_SUSPICIOUS_MOVE = YES;
				CLANG_WARN_UNREACHABLE_CODE = YES;
				CLANG_WARN__DUPLICATE_METHOD_MATCH = YES;
				"CODE_SIGN_IDENTITY[sdk=iphoneos*]" = "iPhone Developer";
				COPY_PHASE_STRIP = NO;
				DEBUG_INFORMATION_FORMAT = dwarf;
				ENABLE_STRICT_OBJC_MSGSEND = YES;
				ENABLE_TESTABILITY = YES;
				GCC_C_LANGUAGE_STANDARD = gnu99;
				GCC_DYNAMIC_NO_PIC = NO;
				GCC_NO_COMMON_BLOCKS = YES;
				GCC_OPTIMIZATION_LEVEL = 0;
				GCC_PREPROCESSOR_DEFINITIONS = (
					"DEBUG=1",
					"$(inherited)",
				);
				GCC_WARN_64_TO_32_BIT_CONVERSION = YES;
				GCC_WARN_ABOUT_RETURN_TYPE = YES_ERROR;
				GCC_WARN_UNDECLARED_SELECTOR = YES;
				GCC_WARN_UNINITIALIZED_AUTOS = YES_AGGRESSIVE;
				GCC_WARN_UNUSED_FUNCTION = YES;
				GCC_WARN_UNUSED_VARIABLE = YES;
				IPHONEOS_DEPLOYMENT_TARGET = 10.2;
				MTL_ENABLE_DEBUG_INFO = YES;
				ONLY_ACTIVE_ARCH = YES;
				SDKROOT = iphoneos;
				SWIFT_ACTIVE_COMPILATION_CONDITIONS = DEBUG;
				SWIFT_OPTIMIZATION_LEVEL = "-Onone";
			};
			name = Debug;
		};
		4D7820E71E7E41A80059102C /* Release */ = {
			isa = XCBuildConfiguration;
			buildSettings = {
				ALWAYS_SEARCH_USER_PATHS = NO;
				CLANG_ANALYZER_NONNULL = YES;
				CLANG_CXX_LANGUAGE_STANDARD = "gnu++0x";
				CLANG_CXX_LIBRARY = "libc++";
				CLANG_ENABLE_MODULES = YES;
				CLANG_ENABLE_OBJC_ARC = YES;
				CLANG_WARN_BOOL_CONVERSION = YES;
				CLANG_WARN_CONSTANT_CONVERSION = YES;
				CLANG_WARN_DIRECT_OBJC_ISA_USAGE = YES_ERROR;
				CLANG_WARN_DOCUMENTATION_COMMENTS = YES;
				CLANG_WARN_EMPTY_BODY = YES;
				CLANG_WARN_ENUM_CONVERSION = YES;
				CLANG_WARN_INFINITE_RECURSION = YES;
				CLANG_WARN_INT_CONVERSION = YES;
				CLANG_WARN_OBJC_ROOT_CLASS = YES_ERROR;
				CLANG_WARN_SUSPICIOUS_MOVE = YES;
				CLANG_WARN_UNREACHABLE_CODE = YES;
				CLANG_WARN__DUPLICATE_METHOD_MATCH = YES;
				"CODE_SIGN_IDENTITY[sdk=iphoneos*]" = "iPhone Developer";
				COPY_PHASE_STRIP = NO;
				DEBUG_INFORMATION_FORMAT = "dwarf-with-dsym";
				ENABLE_NS_ASSERTIONS = NO;
				ENABLE_STRICT_OBJC_MSGSEND = YES;
				GCC_C_LANGUAGE_STANDARD = gnu99;
				GCC_NO_COMMON_BLOCKS = YES;
				GCC_WARN_64_TO_32_BIT_CONVERSION = YES;
				GCC_WARN_ABOUT_RETURN_TYPE = YES_ERROR;
				GCC_WARN_UNDECLARED_SELECTOR = YES;
				GCC_WARN_UNINITIALIZED_AUTOS = YES_AGGRESSIVE;
				GCC_WARN_UNUSED_FUNCTION = YES;
				GCC_WARN_UNUSED_VARIABLE = YES;
				IPHONEOS_DEPLOYMENT_TARGET = 10.2;
				MTL_ENABLE_DEBUG_INFO = NO;
				SDKROOT = iphoneos;
				SWIFT_OPTIMIZATION_LEVEL = "-Owholemodule";
				VALIDATE_PRODUCT = YES;
			};
			name = Release;
		};
		4D7820E91E7E41A80059102C /* Debug */ = {
			isa = XCBuildConfiguration;
			buildSettings = {
				ASSETCATALOG_COMPILER_APPICON_NAME = AppIcon;
				INFOPLIST_FILE = NuevoEjemplo/Info.plist;
				LD_RUNPATH_SEARCH_PATHS = "$(inherited) @executable_path/Frameworks";
				PRODUCT_BUNDLE_IDENTIFIER = com.josealmaraz.NuevoEjemplo;
				PRODUCT_NAME = "$(TARGET_NAME)";
				SWIFT_VERSION = 3.0;
			};
			name = Debug;
		};
		4D7820EA1E7E41A80059102C /* Release */ = {
			isa = XCBuildConfiguration;
			buildSettings = {
				ASSETCATALOG_COMPILER_APPICON_NAME = AppIcon;
				INFOPLIST_FILE = NuevoEjemplo/Info.plist;
				LD_RUNPATH_SEARCH_PATHS = "$(inherited) @executable_path/Frameworks";
				PRODUCT_BUNDLE_IDENTIFIER = com.josealmaraz.NuevoEjemplo;
				PRODUCT_NAME = "$(TARGET_NAME)";
				SWIFT_VERSION = 3.0;
			};
			name = Release;
		};
/* End XCBuildConfiguration section */

/* Begin XCConfigurationList section */
		4D7820D11E7E41A80059102C /* Build configuration list for PBXProject "NuevoEjemplo" */ = {
			isa = XCConfigurationList;
			buildConfigurations = (
				4D7820E61E7E41A80059102C /* Debug */,
				4D7820E71E7E41A80059102C /* Release */,
			);
			defaultConfigurationIsVisible = 0;
			defaultConfigurationName = Release;
		};
		4D7820E81E7E41A80059102C /* Build configuration list for PBXNativeTarget "NuevoEjemplo" */ = {
			isa = XCConfigurationList;
			buildConfigurations = (
				4D7820E91E7E41A80059102C /* Debug */,
				4D7820EA1E7E41A80059102C /* Release */,
			);
			defaultConfigurationIsVisible = 0;
		};
/* End XCConfigurationList section */
	};
	rootObject = 4D7820CE1E7E41A80059102C /* Project object */;
}
